
Microsoft Visual Studio Solution File, Format Version 12.00
# Visual Studio Version 17
VisualStudioVersion = 17.9.34728.123
MinimumVisualStudioVersion = 10.0.40219.1
Project("{FAE04EC0-301F-11D3-BF4B-00C04F79EFBC}") = "DemoRestAPI", "DemoRestAPI\DemoRestAPI.csproj", "{F83F1C73-178F-4C04-9B2A-2F90D997FEFD}"
EndProject
Global
	GlobalSection(SolutionConfigurationPlatforms) = preSolution
		Debug|Any CPU = Debug|Any CPU
		Release|Any CPU = Release|Any CPU
	EndGlobalSection
	GlobalSection(ProjectConfigurationPlatforms) = postSolution
		{F83F1C73-178F-4C04-9B2A-2F90D997FEFD}.Debug|Any CPU.ActiveCfg = Debug|Any CPU
		{F83F1C73-178F-4C04-9B2A-2F90D997FEFD}.Debug|Any CPU.Build.0 = Debug|Any CPU
		{F83F1C73-178F-4C04-9B2A-2F90D997FEFD}.Release|Any CPU.ActiveCfg = Release|Any CPU
		{F83F1C73-178F-4C04-9B2A-2F90D997FEFD}.Release|Any CPU.Build.0 = Release|Any CPU
	EndGlobalSection
	GlobalSection(SolutionProperties) = preSolution
		HideSolutionNode = FALSE
	EndGlobalSection
	GlobalSection(ExtensibilityGlobals) = postSolution
		SolutionGuid = {FB21EB70-4C7E-488E-A2AB-88586CAEC01D}
	EndGlobalSection
EndGlobal
